<Solution>
  <Configurations>
    <Platform Name="x64" />
    <Platform Name="x86" />
  </Configurations>
  <Project Path="../DZ/DZ.vcxproj" />
  <Project Path="../Lab1_Task2/Lab1_Task2.vcxproj" />
  <Project Path="../Lab1_Task3/Lab1_Task3.vcxproj" />
  <Project Path="../Lab1_Task4/Lab1_Task4.vcxproj" />
  <Project Path="lab0.vcxproj" />
</Solution>
